{
  "version": 4,
  "terraform_version": "1.10.0",
  "serial": 9,
  "lineage": "af8f9c1d-c627-a2d7-cad3-b59e291299b2",
  "outputs": {},
  "resources": [
    {
      "mode": "managed",
      "type": "local_file",
      "name": "devops-prac",
      "provider": "provider[\"registry.terraform.io/hashicorp/local\"]",
      "instances": [
        {
          "schema_version": 0,
          "attributes": {
            "content": "THis this the content generated using variables.",
            "content_base64": null,
            "content_base64sha256": "KYnfWrQjf37kUCo8co+WjZ0s8yfsJ+1ZFamlPAvmgnM=",
            "content_base64sha512": "XfAig7SBihkQnqEW/YmsNq3mHypczGguHqzZAVjlhHDh4xgre+uA09RrKv9lZzh5vj7zN8XeaXRaNKWX+FexFA==",
            "content_md5": "b0f57d6e6181ee2ef230e1f7fc47a13c",
            "content_sha1": "3e48dd8b3d6583c48152bcd14d5639b79cb40584",
            "content_sha256": "2989df5ab4237f7ee4502a3c728f968d9d2cf327ec27ed5915a9a53c0be68273",
            "content_sha512": "5df02283b4818a19109ea116fd89ac36ade61f2a5ccc682e1eacd90158e58470e1e3182b7beb80d3d46b2aff65673879be3ef337c5de69745a34a597f857b114",
            "directory_permission": "0777",
            "file_permission": "0777",
            "filename": "/home/ubuntu/terraform-practise/terraform-variables/variables.txt",
            "id": "3e48dd8b3d6583c48152bcd14d5639b79cb40584",
            "sensitive_content": null,
            "source": null
          },
          "sensitive_attributes": [
            [
              {
                "type": "get_attr",
                "value": "sensitive_content"
              }
            ]
          ]
        }
      ]
    }
  ],
  "check_results": null
}
